{
  "name": "~TODO~",
  "version": "0.0.1",
  "lockfileVersion": 1,
  "requires": true,
  "dependencies": {
    "@sveltejs/adapter-static": {
      "version": "1.0.0-next.13",
      "resolved": "https://registry.npmjs.org/@sveltejs/adapter-static/-/adapter-static-1.0.0-next.13.tgz",
      "integrity": "sha512-zaXJlWK9JfrjrE6nG5etB8kf4DSkbE3H8Ql6gmCk3WjdvpY85a60TMYBU9OK2iunkqpHnPYiMUGEnOGYmWlLYA==",
      "dev": true
    }
  }
}
